
Microsoft Visual Studio Solution File, Format Version 12.00
# Visual Studio Version 16
VisualStudioVersion = 16.0.33214.272
MinimumVisualStudioVersion = 10.0.40219.1
Project("{FAE04EC0-301F-11D3-BF4B-00C04F79EFBC}") = "inheritance", "inheritance.csproj", "{CC8040D8-32DE-4F30-8655-EE93640CEB32}"
EndProject
Project("{FAE04EC0-301F-11D3-BF4B-00C04F79EFBC}") = "Polymorphism", "..\Polymorphism\Polymorphism.csproj", "{82BF141B-69B0-4354-86C7-434A458614D1}"
EndProject
Global
	GlobalSection(SolutionConfigurationPlatforms) = preSolution
		Debug|Any CPU = Debug|Any CPU
		Release|Any CPU = Release|Any CPU
	EndGlobalSection
	GlobalSection(ProjectConfigurationPlatforms) = postSolution
		{CC8040D8-32DE-4F30-8655-EE93640CEB32}.Debug|Any CPU.ActiveCfg = Debug|Any CPU
		{CC8040D8-32DE-4F30-8655-EE93640CEB32}.Debug|Any CPU.Build.0 = Debug|Any CPU
		{CC8040D8-32DE-4F30-8655-EE93640CEB32}.Release|Any CPU.ActiveCfg = Release|Any CPU
		{CC8040D8-32DE-4F30-8655-EE93640CEB32}.Release|Any CPU.Build.0 = Release|Any CPU
		{82BF141B-69B0-4354-86C7-434A458614D1}.Debug|Any CPU.ActiveCfg = Debug|Any CPU
		{82BF141B-69B0-4354-86C7-434A458614D1}.Debug|Any CPU.Build.0 = Debug|Any CPU
		{82BF141B-69B0-4354-86C7-434A458614D1}.Release|Any CPU.ActiveCfg = Release|Any CPU
		{82BF141B-69B0-4354-86C7-434A458614D1}.Release|Any CPU.Build.0 = Release|Any CPU
	EndGlobalSection
	GlobalSection(SolutionProperties) = preSolution
		HideSolutionNode = FALSE
	EndGlobalSection
	GlobalSection(ExtensibilityGlobals) = postSolution
		SolutionGuid = {08865DFF-AB44-40D4-960D-EE1CDE540737}
	EndGlobalSection
EndGlobal
