
Microsoft Visual Studio Solution File, Format Version 12.00
# Visual Studio Version 16
VisualStudioVersion = 16.0.33214.272
MinimumVisualStudioVersion = 10.0.40219.1
Project("{FAE04EC0-301F-11D3-BF4B-00C04F79EFBC}") = "Accessspecifiers", "Accessspecifiers.csproj", "{9CFBDAD2-B9D2-4C33-98B6-DB2E585BA4BC}"
EndProject
Project("{FAE04EC0-301F-11D3-BF4B-00C04F79EFBC}") = "Accessspecifiers2", "..\Accessspecifiers2\Accessspecifiers2.csproj", "{EB57B350-4ED3-4E7B-90A0-7CE0D3D20B9A}"
EndProject
Global
	GlobalSection(SolutionConfigurationPlatforms) = preSolution
		Debug|Any CPU = Debug|Any CPU
		Release|Any CPU = Release|Any CPU
	EndGlobalSection
	GlobalSection(ProjectConfigurationPlatforms) = postSolution
		{9CFBDAD2-B9D2-4C33-98B6-DB2E585BA4BC}.Debug|Any CPU.ActiveCfg = Debug|Any CPU
		{9CFBDAD2-B9D2-4C33-98B6-DB2E585BA4BC}.Debug|Any CPU.Build.0 = Debug|Any CPU
		{9CFBDAD2-B9D2-4C33-98B6-DB2E585BA4BC}.Release|Any CPU.ActiveCfg = Release|Any CPU
		{9CFBDAD2-B9D2-4C33-98B6-DB2E585BA4BC}.Release|Any CPU.Build.0 = Release|Any CPU
		{EB57B350-4ED3-4E7B-90A0-7CE0D3D20B9A}.Debug|Any CPU.ActiveCfg = Debug|Any CPU
		{EB57B350-4ED3-4E7B-90A0-7CE0D3D20B9A}.Debug|Any CPU.Build.0 = Debug|Any CPU
		{EB57B350-4ED3-4E7B-90A0-7CE0D3D20B9A}.Release|Any CPU.ActiveCfg = Release|Any CPU
		{EB57B350-4ED3-4E7B-90A0-7CE0D3D20B9A}.Release|Any CPU.Build.0 = Release|Any CPU
	EndGlobalSection
	GlobalSection(SolutionProperties) = preSolution
		HideSolutionNode = FALSE
	EndGlobalSection
	GlobalSection(ExtensibilityGlobals) = postSolution
		SolutionGuid = {A6909CFA-11CB-4FEC-B891-4823A2FEF2CD}
	EndGlobalSection
EndGlobal
