
Microsoft Visual Studio Solution File, Format Version 12.00
# Visual Studio Version 16
VisualStudioVersion = 16.0.33214.272
MinimumVisualStudioVersion = 10.0.40219.1
Project("{FAE04EC0-301F-11D3-BF4B-00C04F79EFBC}") = "singletonPattern", "singletonPattern.csproj", "{70F8FF0B-B66C-471E-921A-14981C6CD86F}"
EndProject
Global
	GlobalSection(SolutionConfigurationPlatforms) = preSolution
		Debug|Any CPU = Debug|Any CPU
		Release|Any CPU = Release|Any CPU
	EndGlobalSection
	GlobalSection(ProjectConfigurationPlatforms) = postSolution
		{70F8FF0B-B66C-471E-921A-14981C6CD86F}.Debug|Any CPU.ActiveCfg = Debug|Any CPU
		{70F8FF0B-B66C-471E-921A-14981C6CD86F}.Debug|Any CPU.Build.0 = Debug|Any CPU
		{70F8FF0B-B66C-471E-921A-14981C6CD86F}.Release|Any CPU.ActiveCfg = Release|Any CPU
		{70F8FF0B-B66C-471E-921A-14981C6CD86F}.Release|Any CPU.Build.0 = Release|Any CPU
	EndGlobalSection
	GlobalSection(SolutionProperties) = preSolution
		HideSolutionNode = FALSE
	EndGlobalSection
	GlobalSection(ExtensibilityGlobals) = postSolution
		SolutionGuid = {D068B53B-7147-4BB3-9D26-B37A799E27A3}
	EndGlobalSection
EndGlobal
