
Microsoft Visual Studio Solution File, Format Version 12.00
# Visual Studio Version 16
VisualStudioVersion = 16.0.33214.272
MinimumVisualStudioVersion = 10.0.40219.1
Project("{FAE04EC0-301F-11D3-BF4B-00C04F79EFBC}") = "DataTypes", "DataTypes.csproj", "{E449ACB4-2DAD-4F11-9E0B-53FEC271FAAF}"
EndProject
Global
	GlobalSection(SolutionConfigurationPlatforms) = preSolution
		Debug|Any CPU = Debug|Any CPU
		Release|Any CPU = Release|Any CPU
	EndGlobalSection
	GlobalSection(ProjectConfigurationPlatforms) = postSolution
		{E449ACB4-2DAD-4F11-9E0B-53FEC271FAAF}.Debug|Any CPU.ActiveCfg = Debug|Any CPU
		{E449ACB4-2DAD-4F11-9E0B-53FEC271FAAF}.Debug|Any CPU.Build.0 = Debug|Any CPU
		{E449ACB4-2DAD-4F11-9E0B-53FEC271FAAF}.Release|Any CPU.ActiveCfg = Release|Any CPU
		{E449ACB4-2DAD-4F11-9E0B-53FEC271FAAF}.Release|Any CPU.Build.0 = Release|Any CPU
	EndGlobalSection
	GlobalSection(SolutionProperties) = preSolution
		HideSolutionNode = FALSE
	EndGlobalSection
	GlobalSection(ExtensibilityGlobals) = postSolution
		SolutionGuid = {B056D058-6C24-4573-9C07-75831680BB27}
	EndGlobalSection
EndGlobal
